
Microsoft Visual Studio Solution File, Format Version 12.00
# Visual Studio Version 16
VisualStudioVersion = 16.0.30907.101
MinimumVisualStudioVersion = 10.0.40219.1
Project("{FAE04EC0-301F-11D3-BF4B-00C04F79EFBC}") = "MLBet.API", "MLBet.API\MLBet.API.csproj", "{6FD419D2-AAED-4A8B-A033-4B4770A29D58}"
EndProject
Global
	GlobalSection(SolutionConfigurationPlatforms) = preSolution
		Debug|Any CPU = Debug|Any CPU
		Release|Any CPU = Release|Any CPU
	EndGlobalSection
	GlobalSection(ProjectConfigurationPlatforms) = postSolution
		{6FD419D2-AAED-4A8B-A033-4B4770A29D58}.Debug|Any CPU.ActiveCfg = Debug|Any CPU
		{6FD419D2-AAED-4A8B-A033-4B4770A29D58}.Debug|Any CPU.Build.0 = Debug|Any CPU
		{6FD419D2-AAED-4A8B-A033-4B4770A29D58}.Release|Any CPU.ActiveCfg = Release|Any CPU
		{6FD419D2-AAED-4A8B-A033-4B4770A29D58}.Release|Any CPU.Build.0 = Release|Any CPU
	EndGlobalSection
	GlobalSection(SolutionProperties) = preSolution
		HideSolutionNode = FALSE
	EndGlobalSection
	GlobalSection(ExtensibilityGlobals) = postSolution
		SolutionGuid = {77B1FA27-C60F-484E-ABB1-C12BEB518EEE}
	EndGlobalSection
EndGlobal
